
Microsoft Visual Studio Solution File, Format Version 12.00
# Visual Studio Version 16
VisualStudioVersion = 16.0.29102.190
MinimumVisualStudioVersion = 10.0.40219.1
Project("{8BC9CEB8-8B4A-11D0-8D11-00A0C91BC942}") = "RestaurantOrderManager", "RestaurantOrderManager\RestaurantOrderManager.vcxproj", "{FA70B2EB-85F6-4545-848F-314159AC3395}"
EndProject
Global
	GlobalSection(SolutionConfigurationPlatforms) = preSolution
		Debug|Any CPU = Debug|Any CPU
		Debug|x64 = Debug|x64
		Debug|x86 = Debug|x86
		Release|Any CPU = Release|Any CPU
		Release|x64 = Release|x64
		Release|x86 = Release|x86
	EndGlobalSection
	GlobalSection(ProjectConfigurationPlatforms) = postSolution
		{FA70B2EB-85F6-4545-848F-314159AC3395}.Debug|Any CPU.ActiveCfg = Debug|Win32
		{FA70B2EB-85F6-4545-848F-314159AC3395}.Debug|Any CPU.Build.0 = Debug|Win32
		{FA70B2EB-85F6-4545-848F-314159AC3395}.Debug|x64.ActiveCfg = Debug|x64
		{FA70B2EB-85F6-4545-848F-314159AC3395}.Debug|x64.Build.0 = Debug|x64
		{FA70B2EB-85F6-4545-848F-314159AC3395}.Debug|x86.ActiveCfg = Debug|Win32
		{FA70B2EB-85F6-4545-848F-314159AC3395}.Debug|x86.Build.0 = Debug|Win32
		{FA70B2EB-85F6-4545-848F-314159AC3395}.Release|Any CPU.ActiveCfg = Release|Win32
		{FA70B2EB-85F6-4545-848F-314159AC3395}.Release|x64.ActiveCfg = Release|x64
		{FA70B2EB-85F6-4545-848F-314159AC3395}.Release|x64.Build.0 = Release|x64
		{FA70B2EB-85F6-4545-848F-314159AC3395}.Release|x86.ActiveCfg = Release|Win32
		{FA70B2EB-85F6-4545-848F-314159AC3395}.Release|x86.Build.0 = Release|Win32
	EndGlobalSection
	GlobalSection(SolutionProperties) = preSolution
		HideSolutionNode = FALSE
	EndGlobalSection
	GlobalSection(ExtensibilityGlobals) = postSolution
		SolutionGuid = {3FD02528-233A-4E64-A02E-FBEBADD3FF92}
	EndGlobalSection
EndGlobal
